// !$*UTF8*$!
{
	archiveVersion = 1;
	classes = {
	};
	objectVersion = 46;
	objects = {

/* Begin PBXBuildFile section */
		84ECCBA01E92BCC900026E31 /* AppDelegate.swift in Sources */ = {isa = PBXBuildFile; fileRef = 84ECCB9F1E92BCC900026E31 /* AppDelegate.swift */; };
		84ECCBA21E92BCC900026E31 /* ViewController.swift in Sources */ = {isa = PBXBuildFile; fileRef = 84ECCBA11E92BCC900026E31 /* ViewController.swift */; };
		84ECCBA51E92BCCA00026E31 /* Main.storyboard in Resources */ = {isa = PBXBuildFile; fileRef = 84ECCBA31E92BCCA00026E31 /* Main.storyboard */; };
		84ECCBA71E92BCCA00026E31 /* Assets.xcassets in Resources */ = {isa = PBXBuildFile; fileRef = 84ECCBA61E92BCCA00026E31 /* Assets.xcassets */; };
		84ECCBAA1E92BCCB00026E31 /* LaunchScreen.storyboard in Resources */ = {isa = PBXBuildFile; fileRef = 84ECCBA81E92BCCB00026E31 /* LaunchScreen.storyboard */; };
		84ECCBB21E92BEDC00026E31 /* CardsViewController.swift in Sources */ = {isa = PBXBuildFile; fileRef = 84ECCBB11E92BEDC00026E31 /* CardsViewController.swift */; };
		84ECCBB41E92D03300026E31 /* ProfileViewController.swift in Sources */ = {isa = PBXBuildFile; fileRef = 84ECCBB31E92D03300026E31 /* ProfileViewController.swift */; };
/* End PBXBuildFile section */

/* Begin PBXFileReference section */
		84ECCB9C1E92BCC800026E31 /* Tinder.app */ = {isa = PBXFileReference; explicitFileType = wrapper.application; includeInIndex = 0; path = Tinder.app; sourceTree = BUILT_PRODUCTS_DIR; };
		84ECCB9F1E92BCC900026E31 /* AppDelegate.swift */ = {isa = PBXFileReference; lastKnownFileType = sourcecode.swift; path = AppDelegate.swift; sourceTree = "<group>"; };
		84ECCBA11E92BCC900026E31 /* ViewController.swift */ = {isa = PBXFileReference; lastKnownFileType = sourcecode.swift; path = ViewController.swift; sourceTree = "<group>"; };
		84ECCBA41E92BCCA00026E31 /* Base */ = {isa = PBXFileReference; lastKnownFileType = file.storyboard; name = Base; path = Base.lproj/Main.storyboard; sourceTree = "<group>"; };
		84ECCBA61E92BCCA00026E31 /* Assets.xcassets */ = {isa = PBXFileReference; lastKnownFileType = folder.assetcatalog; path = Assets.xcassets; sourceTree = "<group>"; };
		84ECCBA91E92BCCB00026E31 /* Base */ = {isa = PBXFileReference; lastKnownFileType = file.storyboard; name = Base; path = Base.lproj/LaunchScreen.storyboard; sourceTree = "<group>"; };
		84ECCBAB1E92BCCB00026E31 /* Info.plist */ = {isa = PBXFileReference; lastKnownFileType = text.plist.xml; path = Info.plist; sourceTree = "<group>"; };
		84ECCBB11E92BEDC00026E31 /* CardsViewController.swift */ = {isa = PBXFileReference; fileEncoding = 4; lastKnownFileType = sourcecode.swift; path = CardsViewController.swift; sourceTree = "<group>"; };
		84ECCBB31E92D03300026E31 /* ProfileViewController.swift */ = {isa = PBXFileReference; fileEncoding = 4; lastKnownFileType = sourcecode.swift; path = ProfileViewController.swift; sourceTree = "<group>"; };
/* End PBXFileReference section */

/* Begin PBXFrameworksBuildPhase section */
		84ECCB991E92BCC500026E31 /* Frameworks */ = {
			isa = PBXFrameworksBuildPhase;
			buildActionMask = 2147483647;
			files = (
			);
			runOnlyForDeploymentPostprocessing = 0;
		};
/* End PBXFrameworksBuildPhase section */

/* Begin PBXGroup section */
		84ECCB931E92BCC500026E31 = {
			isa = PBXGroup;
			children = (
				84ECCB9E1E92BCC900026E31 /* Tinder */,
				84ECCB9D1E92BCC800026E31 /* Products */,
			);
			sourceTree = "<group>";
		};
		84ECCB9D1E92BCC800026E31 /* Products */ = {
			isa = PBXGroup;
			children = (
				84ECCB9C1E92BCC800026E31 /* Tinder.app */,
			);
			name = Products;
			sourceTree = "<group>";
		};
		84ECCB9E1E92BCC900026E31 /* Tinder */ = {
			isa = PBXGroup;
			children = (
				84ECCB9F1E92BCC900026E31 /* AppDelegate.swift */,
				84ECCBA11E92BCC900026E31 /* ViewController.swift */,
				84ECCBA31E92BCCA00026E31 /* Main.storyboard */,
				84ECCBA61E92BCCA00026E31 /* Assets.xcassets */,
				84ECCBA81E92BCCB00026E31 /* LaunchScreen.storyboard */,
				84ECCBAB1E92BCCB00026E31 /* Info.plist */,
				84ECCBB11E92BEDC00026E31 /* CardsViewController.swift */,
				84ECCBB31E92D03300026E31 /* ProfileViewController.swift */,
			);
			path = Tinder;
			sourceTree = "<group>";
		};
/* End PBXGroup section */

/* Begin PBXNativeTarget section */
		84ECCB9B1E92BCC500026E31 /* Tinder */ = {
			isa = PBXNativeTarget;
			buildConfigurationList = 84ECCBAE1E92BCCB00026E31 /* Build configuration list for PBXNativeTarget "Tinder" */;
			buildPhases = (
				84ECCB981E92BCC500026E31 /* Sources */,
				84ECCB991E92BCC500026E31 /* Frameworks */,
				84ECCB9A1E92BCC500026E31 /* Resources */,
			);
			buildRules = (
			);
			dependencies = (
			);
			name = Tinder;
			productName = Tinder;
			productReference = 84ECCB9C1E92BCC800026E31 /* Tinder.app */;
			productType = "com.apple.product-type.application";
		};
/* End PBXNativeTarget section */

/* Begin PBXProject section */
		84ECCB941E92BCC500026E31 /* Project object */ = {
			isa = PBXProject;
			attributes = {
				LastSwiftUpdateCheck = 0820;
				LastUpgradeCheck = 0820;
				ORGANIZATIONNAME = "Shumba Brown";
				TargetAttributes = {
					84ECCB9B1E92BCC500026E31 = {
						CreatedOnToolsVersion = 8.2.1;
						DevelopmentTeam = C5WL2PP3U3;
						ProvisioningStyle = Automatic;
					};
				};
			};
			buildConfigurationList = 84ECCB971E92BCC500026E31 /* Build configuration list for PBXProject "Tinder" */;
			compatibilityVersion = "Xcode 3.2";
			developmentRegion = English;
			hasScannedForEncodings = 0;
			knownRegions = (
				en,
				Base,
			);
			mainGroup = 84ECCB931E92BCC500026E31;
			productRefGroup = 84ECCB9D1E92BCC800026E31 /* Products */;
			projectDirPath = "";
			projectRoot = "";
			targets = (
				84ECCB9B1E92BCC500026E31 /* Tinder */,
			);
		};
/* End PBXProject section */

/* Begin PBXResourcesBuildPhase section */
		84ECCB9A1E92BCC500026E31 /* Resources */ = {
			isa = PBXResourcesBuildPhase;
			buildActionMask = 2147483647;
			files = (
				84ECCBAA1E92BCCB00026E31 /* LaunchScreen.storyboard in Resources */,
				84ECCBA71E92BCCA00026E31 /* Assets.xcassets in Resources */,
				84ECCBA51E92BCCA00026E31 /* Main.storyboard in Resources */,
			);
			runOnlyForDeploymentPostprocessing = 0;
		};
/* End PBXResourcesBuildPhase section */

/* Begin PBXSourcesBuildPhase section */
		84ECCB981E92BCC500026E31 /* Sources */ = {
			isa = PBXSourcesBuildPhase;
			buildActionMask = 2147483647;
			files = (
				84ECCBA21E92BCC900026E31 /* ViewController.swift in Sources */,
				84ECCBA01E92BCC900026E31 /* AppDelegate.swift in Sources */,
				84ECCBB41E92D03300026E31 /* ProfileViewController.swift in Sources */,
				84ECCBB21E92BEDC00026E31 /* CardsViewController.swift in Sources */,
			);
			runOnlyForDeploymentPostprocessing = 0;
		};
/* End PBXSourcesBuildPhase section */

/* Begin PBXVariantGroup section */
		84ECCBA31E92BCCA00026E31 /* Main.storyboard */ = {
			isa = PBXVariantGroup;
			children = (
				84ECCBA41E92BCCA00026E31 /* Base */,
			);
			name = Main.storyboard;
			sourceTree = "<group>";
		};
		84ECCBA81E92BCCB00026E31 /* LaunchScreen.storyboard */ = {
			isa = PBXVariantGroup;
			children = (
				84ECCBA91E92BCCB00026E31 /* Base */,
			);
			name = LaunchScreen.storyboard;
			sourceTree = "<group>";
		};
/* End PBXVariantGroup section */

/* Begin XCBuildConfiguration section */
		84ECCBAC1E92BCCB00026E31 /* Debug */ = {
			isa = XCBuildConfiguration;
			buildSettings = {
				ALWAYS_SEARCH_USER_PATHS = NO;
				CLANG_ANALYZER_NONNULL = YES;
				CLANG_CXX_LANGUAGE_STANDARD = "gnu++0x";
				CLANG_CXX_LIBRARY = "libc++";
				CLANG_ENABLE_MODULES = YES;
				CLANG_ENABLE_OBJC_ARC = YES;
				CLANG_WARN_BOOL_CONVERSION = YES;
				CLANG_WARN_CONSTANT_CONVERSION = YES;
				CLANG_WARN_DIRECT_OBJC_ISA_USAGE = YES_ERROR;
				CLANG_WARN_DOCUMENTATION_COMMENTS = YES;
				CLANG_WARN_EMPTY_BODY = YES;
				CLANG_WARN_ENUM_CONVERSION = YES;
				CLANG_WARN_INFINITE_RECURSION = YES;
				CLANG_WARN_INT_CONVERSION = YES;
				CLANG_WARN_OBJC_ROOT_CLASS = YES_ERROR;
				CLANG_WARN_SUSPICIOUS_MOVE = YES;
				CLANG_WARN_UNREACHABLE_CODE = YES;
				CLANG_WARN__DUPLICATE_METHOD_MATCH = YES;
				"CODE_SIGN_IDENTITY[sdk=iphoneos*]" = "iPhone Developer";
				COPY_PHASE_STRIP = NO;
				DEBUG_INFORMATION_FORMAT = dwarf;
				ENABLE_STRICT_OBJC_MSGSEND = YES;
				ENABLE_TESTABILITY = YES;
				GCC_C_LANGUAGE_STANDARD = gnu99;
				GCC_DYNAMIC_NO_PIC = NO;
				GCC_NO_COMMON_BLOCKS = YES;
				GCC_OPTIMIZATION_LEVEL = 0;
				GCC_PREPROCESSOR_DEFINITIONS = (
					"DEBUG=1",
					"$(inherited)",
				);
				GCC_WARN_64_TO_32_BIT_CONVERSION = YES;
				GCC_WARN_ABOUT_RETURN_TYPE = YES_ERROR;
				GCC_WARN_UNDECLARED_SELECTOR = YES;
				GCC_WARN_UNINITIALIZED_AUTOS = YES_AGGRESSIVE;
				GCC_WARN_UNUSED_FUNCTION = YES;
				GCC_WARN_UNUSED_VARIABLE = YES;
				IPHONEOS_DEPLOYMENT_TARGET = 10.2;
				MTL_ENABLE_DEBUG_INFO = YES;
				ONLY_ACTIVE_ARCH = YES;
				SDKROOT = iphoneos;
				SWIFT_ACTIVE_COMPILATION_CONDITIONS = DEBUG;
				SWIFT_OPTIMIZATION_LEVEL = "-Onone";
				TARGETED_DEVICE_FAMILY = "1,2";
			};
			name = Debug;
		};
		84ECCBAD1E92BCCB00026E31 /* Release */ = {
			isa = XCBuildConfiguration;
			buildSettings = {
				ALWAYS_SEARCH_USER_PATHS = NO;
				CLANG_ANALYZER_NONNULL = YES;
				CLANG_CXX_LANGUAGE_STANDARD = "gnu++0x";
				CLANG_CXX_LIBRARY = "libc++";
				CLANG_ENABLE_MODULES = YES;
				CLANG_ENABLE_OBJC_ARC = YES;
				CLANG_WARN_BOOL_CONVERSION = YES;
				CLANG_WARN_CONSTANT_CONVERSION = YES;
				CLANG_WARN_DIRECT_OBJC_ISA_USAGE = YES_ERROR;
				CLANG_WARN_DOCUMENTATION_COMMENTS = YES;
				CLANG_WARN_EMPTY_BODY = YES;
				CLANG_WARN_ENUM_CONVERSION = YES;
				CLANG_WARN_INFINITE_RECURSION = YES;
				CLANG_WARN_INT_CONVERSION = YES;
				CLANG_WARN_OBJC_ROOT_CLASS = YES_ERROR;
				CLANG_WARN_SUSPICIOUS_MOVE = YES;
				CLANG_WARN_UNREACHABLE_CODE = YES;
				CLANG_WARN__DUPLICATE_METHOD_MATCH = YES;
				"CODE_SIGN_IDENTITY[sdk=iphoneos*]" = "iPhone Developer";
				COPY_PHASE_STRIP = NO;
				DEBUG_INFORMATION_FORMAT = "dwarf-with-dsym";
				ENABLE_NS_ASSERTIONS = NO;
				ENABLE_STRICT_OBJC_MSGSEND = YES;
				GCC_C_LANGUAGE_STANDARD = gnu99;
				GCC_NO_COMMON_BLOCKS = YES;
				GCC_WARN_64_TO_32_BIT_CONVERSION = YES;
				GCC_WARN_ABOUT_RETURN_TYPE = YES_ERROR;
				GCC_WARN_UNDECLARED_SELECTOR = YES;
				GCC_WARN_UNINITIALIZED_AUTOS = YES_AGGRESSIVE;
				GCC_WARN_UNUSED_FUNCTION = YES;
				GCC_WARN_UNUSED_VARIABLE = YES;
				IPHONEOS_DEPLOYMENT_TARGET = 10.2;
				MTL_ENABLE_DEBUG_INFO = NO;
				SDKROOT = iphoneos;
				SWIFT_OPTIMIZATION_LEVEL = "-Owholemodule";
				TARGETED_DEVICE_FAMILY = "1,2";
				VALIDATE_PRODUCT = YES;
			};
			name = Release;
		};
		84ECCBAF1E92BCCB00026E31 /* Debug */ = {
			isa = XCBuildConfiguration;
			buildSettings = {
				ASSETCATALOG_COMPILER_APPICON_NAME = AppIcon;
				DEVELOPMENT_TEAM = C5WL2PP3U3;
				INFOPLIST_FILE = Tinder/Info.plist;
				LD_RUNPATH_SEARCH_PATHS = "$(inherited) @executable_path/Frameworks";
				PRODUCT_BUNDLE_IDENTIFIER = Protocol.Tinder;
				PRODUCT_NAME = "$(TARGET_NAME)";
				SWIFT_VERSION = 3.0;
			};
			name = Debug;
		};
		84ECCBB01E92BCCB00026E31 /* Release */ = {
			isa = XCBuildConfiguration;
			buildSettings = {
				ASSETCATALOG_COMPILER_APPICON_NAME = AppIcon;
				DEVELOPMENT_TEAM = C5WL2PP3U3;
				INFOPLIST_FILE = Tinder/Info.plist;
				LD_RUNPATH_SEARCH_PATHS = "$(inherited) @executable_path/Frameworks";
				PRODUCT_BUNDLE_IDENTIFIER = Protocol.Tinder;
				PRODUCT_NAME = "$(TARGET_NAME)";
				SWIFT_VERSION = 3.0;
			};
			name = Release;
		};
/* End XCBuildConfiguration section */

/* Begin XCConfigurationList section */
		84ECCB971E92BCC500026E31 /* Build configuration list for PBXProject "Tinder" */ = {
			isa = XCConfigurationList;
			buildConfigurations = (
				84ECCBAC1E92BCCB00026E31 /* Debug */,
				84ECCBAD1E92BCCB00026E31 /* Release */,
			);
			defaultConfigurationIsVisible = 0;
			defaultConfigurationName = Release;
		};
		84ECCBAE1E92BCCB00026E31 /* Build configuration list for PBXNativeTarget "Tinder" */ = {
			isa = XCConfigurationList;
			buildConfigurations = (
				84ECCBAF1E92BCCB00026E31 /* Debug */,
				84ECCBB01E92BCCB00026E31 /* Release */,
			);
			defaultConfigurationIsVisible = 0;
		};
/* End XCConfigurationList section */
	};
	rootObject = 84ECCB941E92BCC500026E31 /* Project object */;
}
